<?xml version="1.0" encoding="utf-8"?>
<Project ToolsVersion="4.0" xmlns="http://schemas.microsoft.com/developer/msbuild/2003">
  <ItemGroup>
    <ClCompile Include="stdafx.cpp" />
    <ClCompile Include="Main.cpp" />
    <ClCompile Include="DemoExecute.cpp" />
  </ItemGroup>
  <ItemGroup>
    <ClInclude Include="stdafx.h" />
    <ClInclude Include="Main.h" />
    <ClInclude Include="DemoExecute.h" />
  </ItemGroup>
  <ItemGroup>
    <Filter Include="Sequneces">
      <UniqueIdentifier>{2032c09d-0b41-49c1-83d5-4f5aafc3c9c0}</UniqueIdentifier>
    </Filter>
  </ItemGroup>
</Project>